{
  "name": "pulsetrips-web",
  "version": "0.1.0",
  "lockfileVersion": 3,
  "requires": true,
  "packages": {
    "": {
      "name": "pulsetrips-web",
      "version": "0.1.0",
      "dependencies": {
        "next": "^14.2.0",
        "react": "^18.2.0",
        "react-dom": "^18.2.0"
      }
    },
    "node_modules/next": {
      "version": "14.2.0",
      "resolved": "https://registry.npmjs.org/next/-/next-14.2.0.tgz",
      "integrity": "sha512-4WzKfxvjUsJnQiCs+MpyW0b6Wq85U51B6O1FfR71V4x74Hh7c+26P4cRk6vU1aLw==",
      "dependencies": {
        "react": "^18.2.0",
        "react-dom": "^18.2.0"
      }
    },
    "node_modules/react": {
      "version": "18.2.0",
      "resolved": "https://registry.npmjs.org/react/-/react-18.2.0.tgz",
      "integrity": "sha512-KKOtOUWlwSXyDeYKKMAMF4cnGpGna1ngrBmmMUfOqgH3lZ4nB5wkwRjZfJ8P865t1fV7yO+1z5bX2g==",
      "peer": true
    },
    "node_modules/react-dom": {
      "version": "18.2.0",
      "resolved": "https://registry.npmjs.org/react-dom/-/react-dom-18.2.0.tgz",
      "integrity": "sha512-MBWq65CBAXw0R83xS0055n9aU198a2t9kE9/L45w1p8S208a3q8wL7p6R1cT4fE1s7+6o6z1d38W0kZ6A==",
      "peer": true
    }
  }
}
